
Microsoft Visual Studio Solution File, Format Version 12.00
# Visual Studio Version 16
VisualStudioVersion = 16.0.31702.278
MinimumVisualStudioVersion = 10.0.40219.1
Project("{FAE04EC0-301F-11D3-BF4B-00C04F79EFBC}") = "Excepciones CSharp", "Excepciones CSharp\Excepciones CSharp.csproj", "{62FF7D4B-62C3-4590-B3F3-2437E0E0E2AA}"
EndProject
Global
	GlobalSection(SolutionConfigurationPlatforms) = preSolution
		Debug|Any CPU = Debug|Any CPU
		Release|Any CPU = Release|Any CPU
	EndGlobalSection
	GlobalSection(ProjectConfigurationPlatforms) = postSolution
		{62FF7D4B-62C3-4590-B3F3-2437E0E0E2AA}.Debug|Any CPU.ActiveCfg = Debug|Any CPU
		{62FF7D4B-62C3-4590-B3F3-2437E0E0E2AA}.Debug|Any CPU.Build.0 = Debug|Any CPU
		{62FF7D4B-62C3-4590-B3F3-2437E0E0E2AA}.Release|Any CPU.ActiveCfg = Release|Any CPU
		{62FF7D4B-62C3-4590-B3F3-2437E0E0E2AA}.Release|Any CPU.Build.0 = Release|Any CPU
	EndGlobalSection
	GlobalSection(SolutionProperties) = preSolution
		HideSolutionNode = FALSE
	EndGlobalSection
	GlobalSection(ExtensibilityGlobals) = postSolution
		SolutionGuid = {352B1F49-51F0-489A-90F0-C46723AA1B81}
	EndGlobalSection
EndGlobal
